Microsoft Visual Studio Solution File, Format Version 11.00
# Visual Studio 2008

Project("{B8BCC31E-55E0-0BB5-52D2-4998F34E01CC}") = "Unity-RayTracing", "Assembly-CSharp.csproj", "{C9D2793C-0DBE-A8E5-5130-C804512E6278}"
EndProject
Global
	GlobalSection(SolutionConfigurationPlatforms) = preSolution
		Debug|Any CPU = Debug|Any CPU
		Release|Any CPU = Release|Any CPU
	EndGlobalSection
	GlobalSection(ProjectConfigurationPlatforms) = postSolution
		{C9D2793C-0DBE-A8E5-5130-C804512E6278}.Debug|Any CPU.ActiveCfg = Debug|Any CPU
		{C9D2793C-0DBE-A8E5-5130-C804512E6278}.Debug|Any CPU.Build.0 = Debug|Any CPU
		{C9D2793C-0DBE-A8E5-5130-C804512E6278}.Release|Any CPU.ActiveCfg = Release|Any CPU
		{C9D2793C-0DBE-A8E5-5130-C804512E6278}.Release|Any CPU.Build.0 = Release|Any CPU
	EndGlobalSection
	GlobalSection(SolutionProperties) = preSolution
		HideSolutionNode = FALSE
	EndGlobalSection
	GlobalSection(MonoDevelopProperties) = preSolution
		StartupItem = Assembly-CSharp.csproj
	EndGlobalSection
EndGlobal
